// !$*UTF8*$!
{
	archiveVersion = 1;
	classes = {
	};
	objectVersion = 46;
	objects = {

/* Begin PBXBuildFile section */
		00AC8DB01C50406E00F70BDC /* WatchOSEventTimeline.xcdatamodeld in Sources */ = {isa = PBXBuildFile; fileRef = 00AC8DAE1C50406E00F70BDC /* WatchOSEventTimeline.xcdatamodeld */; };
		00AC8DB11C50406E00F70BDC /* WatchOSEventTimeline.xcdatamodeld in Sources */ = {isa = PBXBuildFile; fileRef = 00AC8DAE1C50406E00F70BDC /* WatchOSEventTimeline.xcdatamodeld */; };
		00AC8DB41C50424700F70BDC /* CoreDataManager.m in Sources */ = {isa = PBXBuildFile; fileRef = 00AC8DB31C50424700F70BDC /* CoreDataManager.m */; };
		00AC8DB51C50424700F70BDC /* CoreDataManager.m in Sources */ = {isa = PBXBuildFile; fileRef = 00AC8DB31C50424700F70BDC /* CoreDataManager.m */; };
		00AC8DCB1C504DB300F70BDC /* AFHTTPRequestOperation.m in Sources */ = {isa = PBXBuildFile; fileRef = 00AC8DB91C504DB300F70BDC /* AFHTTPRequestOperation.m */; };
		00AC8DCC1C504DB300F70BDC /* AFHTTPRequestOperationManager.m in Sources */ = {isa = PBXBuildFile; fileRef = 00AC8DBB1C504DB300F70BDC /* AFHTTPRequestOperationManager.m */; };
		00AC8DCD1C504DB300F70BDC /* AFHTTPSessionManager.m in Sources */ = {isa = PBXBuildFile; fileRef = 00AC8DBD1C504DB300F70BDC /* AFHTTPSessionManager.m */; };
		00AC8DCE1C504DB300F70BDC /* AFNetworkReachabilityManager.m in Sources */ = {isa = PBXBuildFile; fileRef = 00AC8DC01C504DB300F70BDC /* AFNetworkReachabilityManager.m */; };
		00AC8DCF1C504DB300F70BDC /* AFSecurityPolicy.m in Sources */ = {isa = PBXBuildFile; fileRef = 00AC8DC21C504DB300F70BDC /* AFSecurityPolicy.m */; };
		00AC8DD01C504DB300F70BDC /* AFURLConnectionOperation.m in Sources */ = {isa = PBXBuildFile; fileRef = 00AC8DC41C504DB300F70BDC /* AFURLConnectionOperation.m */; };
		00AC8DD11C504DB300F70BDC /* AFURLRequestSerialization.m in Sources */ = {isa = PBXBuildFile; fileRef = 00AC8DC61C504DB300F70BDC /* AFURLRequestSerialization.m */; };
		00AC8DD21C504DB300F70BDC /* AFURLResponseSerialization.m in Sources */ = {isa = PBXBuildFile; fileRef = 00AC8DC81C504DB300F70BDC /* AFURLResponseSerialization.m */; };
		00AC8DD31C504DB300F70BDC /* AFURLSessionManager.m in Sources */ = {isa = PBXBuildFile; fileRef = 00AC8DCA1C504DB300F70BDC /* AFURLSessionManager.m */; };
		00AC8DD81C50524F00F70BDC /* Event+CoreDataProperties.m in Sources */ = {isa = PBXBuildFile; fileRef = 00AC8DD51C50524F00F70BDC /* Event+CoreDataProperties.m */; };
		00AC8DD91C50524F00F70BDC /* Event+CoreDataProperties.m in Sources */ = {isa = PBXBuildFile; fileRef = 00AC8DD51C50524F00F70BDC /* Event+CoreDataProperties.m */; };
		00AC8DDA1C50524F00F70BDC /* Event.m in Sources */ = {isa = PBXBuildFile; fileRef = 00AC8DD71C50524F00F70BDC /* Event.m */; };
		00AC8DDB1C50524F00F70BDC /* Event.m in Sources */ = {isa = PBXBuildFile; fileRef = 00AC8DD71C50524F00F70BDC /* Event.m */; };
		00AC8DDE1C505A0700F70BDC /* EventTableViewCell.m in Sources */ = {isa = PBXBuildFile; fileRef = 00AC8DDD1C505A0700F70BDC /* EventTableViewCell.m */; };
		00AC8DE01C505BC700F70BDC /* SDWebImage.framework in Frameworks */ = {isa = PBXBuildFile; fileRef = 00AC8DDF1C505BC700F70BDC /* SDWebImage.framework */; };
		00AC8DE21C505E1A00F70BDC /* CoreGraphics.framework in Frameworks */ = {isa = PBXBuildFile; fileRef = 00AC8DE11C505E1A00F70BDC /* CoreGraphics.framework */; };
		00AC8DE41C505E2700F70BDC /* QuartzCore.framework in Frameworks */ = {isa = PBXBuildFile; fileRef = 00AC8DE31C505E2700F70BDC /* QuartzCore.framework */; };
		00AC8DE71C505E8900F70BDC /* ImageIO.framework in Frameworks */ = {isa = PBXBuildFile; fileRef = 00AC8DE61C505E8900F70BDC /* ImageIO.framework */; };
		00AC8DEF1C50B1F200F70BDC /* SAMHUDView.m in Sources */ = {isa = PBXBuildFile; fileRef = 00AC8DEA1C50B1F200F70BDC /* SAMHUDView.m */; };
		00AC8DF01C50B1F200F70BDC /* SAMHUDWindow.m in Sources */ = {isa = PBXBuildFile; fileRef = 00AC8DEC1C50B1F200F70BDC /* SAMHUDWindow.m */; };
		00AC8DF11C50B1F200F70BDC /* SAMHUDWindowViewController.m in Sources */ = {isa = PBXBuildFile; fileRef = 00AC8DEE1C50B1F200F70BDC /* SAMHUDWindowViewController.m */; };
		00C647931C50CBD700729D86 /* InterfaceController.m in Sources */ = {isa = PBXBuildFile; fileRef = 00C647921C50CBD700729D86 /* InterfaceController.m */; };
		00C647961C50CBD700729D86 /* NotificationController.m in Sources */ = {isa = PBXBuildFile; fileRef = 00C647951C50CBD700729D86 /* NotificationController.m */; };
		00C647981C50CBD700729D86 /* Assets.xcassets in Resources */ = {isa = PBXBuildFile; fileRef = 00C647971C50CBD700729D86 /* Assets.xcassets */; };
		00C6479D1C50CBD800729D86 /* WatchOSEventTimeline WatchKit 1 App.app in Resources */ = {isa = PBXBuildFile; fileRef = 00C6479C1C50CBD800729D86 /* WatchOSEventTimeline WatchKit 1 App.app */; };
		00C647A31C50CBD800729D86 /* Interface.storyboard in Resources */ = {isa = PBXBuildFile; fileRef = 00C647A11C50CBD800729D86 /* Interface.storyboard */; };
		00C647A51C50CBD800729D86 /* Assets.xcassets in Resources */ = {isa = PBXBuildFile; fileRef = 00C647A41C50CBD800729D86 /* Assets.xcassets */; };
		00C647A91C50CBD800729D86 /* WatchOSEventTimeline WatchKit 1 Extension.appex in Embed App Extensions */ = {isa = PBXBuildFile; fileRef = 00C6478D1C50CBD700729D86 /* WatchOSEventTimeline WatchKit 1 Extension.appex */; settings = {ATTRIBUTES = (RemoveHeadersOnCopy, ); }; };
		00C647B31C50EB2A00729D86 /* AFHTTPRequestOperation.m in Sources */ = {isa = PBXBuildFile; fileRef = 00AC8DB91C504DB300F70BDC /* AFHTTPRequestOperation.m */; };
		00C647B41C50EB2A00729D86 /* AFHTTPRequestOperationManager.m in Sources */ = {isa = PBXBuildFile; fileRef = 00AC8DBB1C504DB300F70BDC /* AFHTTPRequestOperationManager.m */; };
		00C647B51C50EB2A00729D86 /* AFHTTPSessionManager.m in Sources */ = {isa = PBXBuildFile; fileRef = 00AC8DBD1C504DB300F70BDC /* AFHTTPSessionManager.m */; };
		00C647B61C50EB2A00729D86 /* AFNetworkReachabilityManager.m in Sources */ = {isa = PBXBuildFile; fileRef = 00AC8DC01C504DB300F70BDC /* AFNetworkReachabilityManager.m */; };
		00C647B71C50EB2A00729D86 /* AFSecurityPolicy.m in Sources */ = {isa = PBXBuildFile; fileRef = 00AC8DC21C504DB300F70BDC /* AFSecurityPolicy.m */; };
		00C647B81C50EB2A00729D86 /* AFURLConnectionOperation.m in Sources */ = {isa = PBXBuildFile; fileRef = 00AC8DC41C504DB300F70BDC /* AFURLConnectionOperation.m */; };
		00C647B91C50EB2A00729D86 /* AFURLRequestSerialization.m in Sources */ = {isa = PBXBuildFile; fileRef = 00AC8DC61C504DB300F70BDC /* AFURLRequestSerialization.m */; };
		00C647BA1C50EB2A00729D86 /* AFURLResponseSerialization.m in Sources */ = {isa = PBXBuildFile; fileRef = 00AC8DC81C504DB300F70BDC /* AFURLResponseSerialization.m */; };
		00C647BB1C50EB2A00729D86 /* AFURLSessionManager.m in Sources */ = {isa = PBXBuildFile; fileRef = 00AC8DCA1C504DB300F70BDC /* AFURLSessionManager.m */; };
		00EDC0561C42B513002E704D /* main.m in Sources */ = {isa = PBXBuildFile; fileRef = 00EDC0551C42B513002E704D /* main.m */; };
		00EDC0591C42B513002E704D /* AppDelegate.m in Sources */ = {isa = PBXBuildFile; fileRef = 00EDC0581C42B513002E704D /* AppDelegate.m */; };
		00EDC05C1C42B513002E704D /* ViewController.m in Sources */ = {isa = PBXBuildFile; fileRef = 00EDC05B1C42B513002E704D /* ViewController.m */; };
		00EDC05F1C42B513002E704D /* Main.storyboard in Resources */ = {isa = PBXBuildFile; fileRef = 00EDC05D1C42B513002E704D /* Main.storyboard */; };
		00EDC0611C42B513002E704D /* Assets.xcassets in Resources */ = {isa = PBXBuildFile; fileRef = 00EDC0601C42B513002E704D /* Assets.xcassets */; };
		00EDC0641C42B513002E704D /* LaunchScreen.storyboard in Resources */ = {isa = PBXBuildFile; fileRef = 00EDC0621C42B513002E704D /* LaunchScreen.storyboard */; };
		00EDC0691C42B513002E704D /* WatchOSEventTimeline WatchKit App.app in Embed Watch Content */ = {isa = PBXBuildFile; fileRef = 00EDC0681C42B513002E704D /* WatchOSEventTimeline WatchKit App.app */; };
		00EDC06F1C42B513002E704D /* Interface.storyboard in Resources */ = {isa = PBXBuildFile; fileRef = 00EDC06D1C42B513002E704D /* Interface.storyboard */; };
		00EDC0711C42B513002E704D /* Assets.xcassets in Resources */ = {isa = PBXBuildFile; fileRef = 00EDC0701C42B513002E704D /* Assets.xcassets */; };
		00EDC0781C42B514002E704D /* WatchOSEventTimeline WatchKit Extension.appex in Embed App Extensions */ = {isa = PBXBuildFile; fileRef = 00EDC0771C42B514002E704D /* WatchOSEventTimeline WatchKit Extension.appex */; settings = {ATTRIBUTES = (RemoveHeadersOnCopy, ); }; };
		00EDC0801C42B514002E704D /* InterfaceController.m in Sources */ = {isa = PBXBuildFile; fileRef = 00EDC07F1C42B514002E704D /* InterfaceController.m */; };
		00EDC0831C42B514002E704D /* ExtensionDelegate.m in Sources */ = {isa = PBXBuildFile; fileRef = 00EDC0821C42B514002E704D /* ExtensionDelegate.m */; };
		00EDC0861C42B514002E704D /* NotificationController.m in Sources */ = {isa = PBXBuildFile; fileRef = 00EDC0851C42B514002E704D /* NotificationController.m */; };
		00EDC0891C42B514002E704D /* ComplicationController.m in Sources */ = {isa = PBXBuildFile; fileRef = 00EDC0881C42B514002E704D /* ComplicationController.m */; };
		00EDC08B1C42B514002E704D /* Assets.xcassets in Resources */ = {isa = PBXBuildFile; fileRef = 00EDC08A1C42B514002E704D /* Assets.xcassets */; };
/* End PBXBuildFile section */

/* Begin PBXContainerItemProxy section */
		00C6479E1C50CBD800729D86 /* PBXContainerItemProxy */ = {
			isa = PBXContainerItemProxy;
			containerPortal = 00EDC0491C42B513002E704D /* Project object */;
			proxyType = 1;
			remoteGlobalIDString = 00C6479B1C50CBD800729D86;
			remoteInfo = "WatchOSEventTimeline WatchKit 1 App";
		};
		00C647A71C50CBD800729D86 /* PBXContainerItemProxy */ = {
			isa = PBXContainerItemProxy;
			containerPortal = 00EDC0491C42B513002E704D /* Project object */;
			proxyType = 1;
			remoteGlobalIDString = 00C6478C1C50CBD700729D86;
			remoteInfo = "WatchOSEventTimeline WatchKit 1 Extension";
		};
		00EDC06A1C42B513002E704D /* PBXContainerItemProxy */ = {
			isa = PBXContainerItemProxy;
			containerPortal = 00EDC0491C42B513002E704D /* Project object */;
			proxyType = 1;
			remoteGlobalIDString = 00EDC0671C42B513002E704D;
			remoteInfo = "WatchOSEventTimeline WatchKit App";
		};
		00EDC0791C42B514002E704D /* PBXContainerItemProxy */ = {
			isa = PBXContainerItemProxy;
			containerPortal = 00EDC0491C42B513002E704D /* Project object */;
			proxyType = 1;
			remoteGlobalIDString = 00EDC0761C42B514002E704D;
			remoteInfo = "WatchOSEventTimeline WatchKit Extension";
		};
/* End PBXContainerItemProxy section */

/* Begin PBXCopyFilesBuildPhase section */
		00C647B01C50CBD800729D86 /* Embed App Extensions */ = {
			isa = PBXCopyFilesBuildPhase;
			buildActionMask = 2147483647;
			dstPath = "";
			dstSubfolderSpec = 13;
			files = (
				00C647A91C50CBD800729D86 /* WatchOSEventTimeline WatchKit 1 Extension.appex in Embed App Extensions */,
			);
			name = "Embed App Extensions";
			runOnlyForDeploymentPostprocessing = 0;
		};
		00EDC0921C42B514002E704D /* Embed App Extensions */ = {
			isa = PBXCopyFilesBuildPhase;
			buildActionMask = 2147483647;
			dstPath = "";
			dstSubfolderSpec = 13;
			files = (
				00EDC0781C42B514002E704D /* WatchOSEventTimeline WatchKit Extension.appex in Embed App Extensions */,
			);
			name = "Embed App Extensions";
			runOnlyForDeploymentPostprocessing = 0;
		};
		00EDC0961C42B514002E704D /* Embed Watch Content */ = {
			isa = PBXCopyFilesBuildPhase;
			buildActionMask = 2147483647;
			dstPath = "$(CONTENTS_FOLDER_PATH)/Watch";
			dstSubfolderSpec = 16;
			files = (
				00EDC0691C42B513002E704D /* WatchOSEventTimeline WatchKit App.app in Embed Watch Content */,
			);
			name = "Embed Watch Content";
			runOnlyForDeploymentPostprocessing = 0;
		};
/* End PBXCopyFilesBuildPhase section */

/* Begin PBXFileReference section */
		00AC8DAF1C50406E00F70BDC /* WatchOSEventTimeline.xcdatamodel */ = {isa = PBXFileReference; lastKnownFileType = wrapper.xcdatamodel; path = WatchOSEventTimeline.xcdatamodel; sourceTree = "<group>"; };
		00AC8DB21C50424700F70BDC /* CoreDataManager.h */ = {isa = PBXFileReference; fileEncoding = 4; lastKnownFileType = sourcecode.c.h; path = CoreDataManager.h; sourceTree = "<group>"; };
		00AC8DB31C50424700F70BDC /* CoreDataManager.m */ = {isa = PBXFileReference; fileEncoding = 4; lastKnownFileType = sourcecode.c.objc; path = CoreDataManager.m; sourceTree = "<group>"; };
		00AC8DB81C504DB300F70BDC /* AFHTTPRequestOperation.h */ = {isa = PBXFileReference; fileEncoding = 4; lastKnownFileType = sourcecode.c.h; path = AFHTTPRequestOperation.h; sourceTree = "<group>"; };
		00AC8DB91C504DB300F70BDC /* AFHTTPRequestOperation.m */ = {isa = PBXFileReference; fileEncoding = 4; lastKnownFileType = sourcecode.c.objc; path = AFHTTPRequestOperation.m; sourceTree = "<group>"; };
		00AC8DBA1C504DB300F70BDC /* AFHTTPRequestOperationManager.h */ = {isa = PBXFileReference; fileEncoding = 4; lastKnownFileType = sourcecode.c.h; path = AFHTTPRequestOperationManager.h; sourceTree = "<group>"; };
		00AC8DBB1C504DB300F70BDC /* AFHTTPRequestOperationManager.m */ = {isa = PBXFileReference; fileEncoding = 4; lastKnownFileType = sourcecode.c.objc; path = AFHTTPRequestOperationManager.m; sourceTree = "<group>"; };
		00AC8DBC1C504DB300F70BDC /* AFHTTPSessionManager.h */ = {isa = PBXFileReference; fileEncoding = 4; lastKnownFileType = sourcecode.c.h; path = AFHTTPSessionManager.h; sourceTree = "<group>"; };
		00AC8DBD1C504DB300F70BDC /* AFHTTPSessionManager.m */ = {isa = PBXFileReference; fileEncoding = 4; lastKnownFileType = sourcecode.c.objc; path = AFHTTPSessionManager.m; sourceTree = "<group>"; };
		00AC8DBE1C504DB300F70BDC /* AFNetworking.h */ = {isa = PBXFileReference; fileEncoding = 4; lastKnownFileType = sourcecode.c.h; path = AFNetworking.h; sourceTree = "<group>"; };
		00AC8DBF1C504DB300F70BDC /* AFNetworkReachabilityManager.h */ = {isa = PBXFileReference; fileEncoding = 4; lastKnownFileType = sourcecode.c.h; path = AFNetworkReachabilityManager.h; sourceTree = "<group>"; };
		00AC8DC01C504DB300F70BDC /* AFNetworkReachabilityManager.m */ = {isa = PBXFileReference; fileEncoding = 4; lastKnownFileType = sourcecode.c.objc; path = AFNetworkReachabilityManager.m; sourceTree = "<group>"; };
		00AC8DC11C504DB300F70BDC /* AFSecurityPolicy.h */ = {isa = PBXFileReference; fileEncoding = 4; lastKnownFileType = sourcecode.c.h; path = AFSecurityPolicy.h; sourceTree = "<group>"; };
		00AC8DC21C504DB300F70BDC /* AFSecurityPolicy.m */ = {isa = PBXFileReference; fileEncoding = 4; lastKnownFileType = sourcecode.c.objc; path = AFSecurityPolicy.m; sourceTree = "<group>"; };
		00AC8DC31C504DB300F70BDC /* AFURLConnectionOperation.h */ = {isa = PBXFileReference; fileEncoding = 4; lastKnownFileType = sourcecode.c.h; path = AFURLConnectionOperation.h; sourceTree = "<group>"; };
		00AC8DC41C504DB300F70BDC /* AFURLConnectionOperation.m */ = {isa = PBXFileReference; fileEncoding = 4; lastKnownFileType = sourcecode.c.objc; path = AFURLConnectionOperation.m; sourceTree = "<group>"; };
		00AC8DC51C504DB300F70BDC /* AFURLRequestSerialization.h */ = {isa = PBXFileReference; fileEncoding = 4; lastKnownFileType = sourcecode.c.h; path = AFURLRequestSerialization.h; sourceTree = "<group>"; };
		00AC8DC61C504DB300F70BDC /* AFURLRequestSerialization.m */ = {isa = PBXFileReference; fileEncoding = 4; lastKnownFileType = sourcecode.c.objc; path = AFURLRequestSerialization.m; sourceTree = "<group>"; };
		00AC8DC71C504DB300F70BDC /* AFURLResponseSerialization.h */ = {isa = PBXFileReference; fileEncoding = 4; lastKnownFileType = sourcecode.c.h; path = AFURLResponseSerialization.h; sourceTree = "<group>"; };
		00AC8DC81C504DB300F70BDC /* AFURLResponseSerialization.m */ = {isa = PBXFileReference; fileEncoding = 4; lastKnownFileType = sourcecode.c.objc; path = AFURLResponseSerialization.m; sourceTree = "<group>"; };
		00AC8DC91C504DB300F70BDC /* AFURLSessionManager.h */ = {isa = PBXFileReference; fileEncoding = 4; lastKnownFileType = sourcecode.c.h; path = AFURLSessionManager.h; sourceTree = "<group>"; };
		00AC8DCA1C504DB300F70BDC /* AFURLSessionManager.m */ = {isa = PBXFileReference; fileEncoding = 4; lastKnownFileType = sourcecode.c.objc; path = AFURLSessionManager.m; sourceTree = "<group>"; };
		00AC8DD41C50524F00F70BDC /* Event+CoreDataProperties.h */ = {isa = PBXFileReference; fileEncoding = 4; lastKnownFileType = sourcecode.c.h; path = "Event+CoreDataProperties.h"; sourceTree = "<group>"; };
		00AC8DD51C50524F00F70BDC /* Event+CoreDataProperties.m */ = {isa = PBXFileReference; fileEncoding = 4; lastKnownFileType = sourcecode.c.objc; path = "Event+CoreDataProperties.m"; sourceTree = "<group>"; };
		00AC8DD61C50524F00F70BDC /* Event.h */ = {isa = PBXFileReference; fileEncoding = 4; lastKnownFileType = sourcecode.c.h; path = Event.h; sourceTree = "<group>"; };
		00AC8DD71C50524F00F70BDC /* Event.m */ = {isa = PBXFileReference; fileEncoding = 4; lastKnownFileType = sourcecode.c.objc; path = Event.m; sourceTree = "<group>"; };
		00AC8DDC1C505A0700F70BDC /* EventTableViewCell.h */ = {isa = PBXFileReference; fileEncoding = 4; lastKnownFileType = sourcecode.c.h; path = EventTableViewCell.h; sourceTree = "<group>"; };
		00AC8DDD1C505A0700F70BDC /* EventTableViewCell.m */ = {isa = PBXFileReference; fileEncoding = 4; lastKnownFileType = sourcecode.c.objc; path = EventTableViewCell.m; sourceTree = "<group>"; };
		00AC8DDF1C505BC700F70BDC /* SDWebImage.framework */ = {isa = PBXFileReference; lastKnownFileType = wrapper.framework; path = SDWebImage.framework; sourceTree = "<group>"; };
		00AC8DE11C505E1A00F70BDC /* CoreGraphics.framework */ = {isa = PBXFileReference; lastKnownFileType = wrapper.framework; name = CoreGraphics.framework; path = System/Library/Frameworks/CoreGraphics.framework; sourceTree = SDKROOT; };
		00AC8DE31C505E2700F70BDC /* QuartzCore.framework */ = {isa = PBXFileReference; lastKnownFileType = wrapper.framework; name = QuartzCore.framework; path = System/Library/Frameworks/QuartzCore.framework; sourceTree = SDKROOT; };
		00AC8DE61C505E8900F70BDC /* ImageIO.framework */ = {isa = PBXFileReference; lastKnownFileType = wrapper.framework; name = ImageIO.framework; path = System/Library/Frameworks/ImageIO.framework; sourceTree = SDKROOT; };
		00AC8DE91C50B1F200F70BDC /* SAMHUDView.h */ = {isa = PBXFileReference; fileEncoding = 4; lastKnownFileType = sourcecode.c.h; path = SAMHUDView.h; sourceTree = "<group>"; };
		00AC8DEA1C50B1F200F70BDC /* SAMHUDView.m */ = {isa = PBXFileReference; fileEncoding = 4; lastKnownFileType = sourcecode.c.objc; path = SAMHUDView.m; sourceTree = "<group>"; };
		00AC8DEB1C50B1F200F70BDC /* SAMHUDWindow.h */ = {isa = PBXFileReference; fileEncoding = 4; lastKnownFileType = sourcecode.c.h; path = SAMHUDWindow.h; sourceTree = "<group>"; };
		00AC8DEC1C50B1F200F70BDC /* SAMHUDWindow.m */ = {isa = PBXFileReference; fileEncoding = 4; lastKnownFileType = sourcecode.c.objc; path = SAMHUDWindow.m; sourceTree = "<group>"; };
		00AC8DED1C50B1F200F70BDC /* SAMHUDWindowViewController.h */ = {isa = PBXFileReference; fileEncoding = 4; lastKnownFileType = sourcecode.c.h; path = SAMHUDWindowViewController.h; sourceTree = "<group>"; };
		00AC8DEE1C50B1F200F70BDC /* SAMHUDWindowViewController.m */ = {isa = PBXFileReference; fileEncoding = 4; lastKnownFileType = sourcecode.c.objc; path = SAMHUDWindowViewController.m; sourceTree = "<group>"; };
		00C6478D1C50CBD700729D86 /* WatchOSEventTimeline WatchKit 1 Extension.appex */ = {isa = PBXFileReference; explicitFileType = "wrapper.app-extension"; includeInIndex = 0; path = "WatchOSEventTimeline WatchKit 1 Extension.appex"; sourceTree = BUILT_PRODUCTS_DIR; };
		00C647901C50CBD700729D86 /* PushNotificationPayload.apns */ = {isa = PBXFileReference; lastKnownFileType = text; path = PushNotificationPayload.apns; sourceTree = "<group>"; };
		00C647911C50CBD700729D86 /* InterfaceController.h */ = {isa = PBXFileReference; lastKnownFileType = sourcecode.c.h; path = InterfaceController.h; sourceTree = "<group>"; };
		00C647921C50CBD700729D86 /* InterfaceController.m */ = {isa = PBXFileReference; lastKnownFileType = sourcecode.c.objc; path = InterfaceController.m; sourceTree = "<group>"; };
		00C647941C50CBD700729D86 /* NotificationController.h */ = {isa = PBXFileReference; lastKnownFileType = sourcecode.c.h; path = NotificationController.h; sourceTree = "<group>"; };
		00C647951C50CBD700729D86 /* NotificationController.m */ = {isa = PBXFileReference; lastKnownFileType = sourcecode.c.objc; path = NotificationController.m; sourceTree = "<group>"; };
		00C647971C50CBD700729D86 /* Assets.xcassets */ = {isa = PBXFileReference; lastKnownFileType = folder.assetcatalog; path = Assets.xcassets; sourceTree = "<group>"; };
		00C647991C50CBD700729D86 /* Info.plist */ = {isa = PBXFileReference; lastKnownFileType = text.plist.xml; path = Info.plist; sourceTree = "<group>"; };
		00C6479C1C50CBD800729D86 /* WatchOSEventTimeline WatchKit 1 App.app */ = {isa = PBXFileReference; explicitFileType = wrapper.application; includeInIndex = 0; path = "WatchOSEventTimeline WatchKit 1 App.app"; sourceTree = BUILT_PRODUCTS_DIR; };
		00C647A21C50CBD800729D86 /* Base */ = {isa = PBXFileReference; lastKnownFileType = file.storyboard; name = Base; path = Base.lproj/Interface.storyboard; sourceTree = "<group>"; };
		00C647A41C50CBD800729D86 /* Assets.xcassets */ = {isa = PBXFileReference; lastKnownFileType = folder.assetcatalog; path = Assets.xcassets; sourceTree = "<group>"; };
		00C647A61C50CBD800729D86 /* Info.plist */ = {isa = PBXFileReference; lastKnownFileType = text.plist.xml; path = Info.plist; sourceTree = "<group>"; };
		00C647B11C50CBEC00729D86 /* WatchOSEventTimeline WatchKit 1 Extension.entitlements */ = {isa = PBXFileReference; lastKnownFileType = text.xml; path = "WatchOSEventTimeline WatchKit 1 Extension.entitlements"; sourceTree = "<group>"; };
		00C647B21C50CC2C00729D86 /* WatchOSEventTimeline WatchKit 1 App.entitlements */ = {isa = PBXFileReference; lastKnownFileType = text.xml; path = "WatchOSEventTimeline WatchKit 1 App.entitlements"; sourceTree = "<group>"; };
		00EDC0511C42B513002E704D /* WatchOSEventTimeline.app */ = {isa = PBXFileReference; explicitFileType = wrapper.application; includeInIndex = 0; path = WatchOSEventTimeline.app; sourceTree = BUILT_PRODUCTS_DIR; };
		00EDC0551C42B513002E704D /* main.m */ = {isa = PBXFileReference; lastKnownFileType = sourcecode.c.objc; path = main.m; sourceTree = "<group>"; };
		00EDC0571C42B513002E704D /* AppDelegate.h */ = {isa = PBXFileReference; lastKnownFileType = sourcecode.c.h; path = AppDelegate.h; sourceTree = "<group>"; };
		00EDC0581C42B513002E704D /* AppDelegate.m */ = {isa = PBXFileReference; lastKnownFileType = sourcecode.c.objc; path = AppDelegate.m; sourceTree = "<group>"; };
		00EDC05A1C42B513002E704D /* ViewController.h */ = {isa = PBXFileReference; lastKnownFileType = sourcecode.c.h; path = ViewController.h; sourceTree = "<group>"; };
		00EDC05B1C42B513002E704D /* ViewController.m */ = {isa = PBXFileReference; lastKnownFileType = sourcecode.c.objc; path = ViewController.m; sourceTree = "<group>"; };
		00EDC05E1C42B513002E704D /* Base */ = {isa = PBXFileReference; lastKnownFileType = file.storyboard; name = Base; path = Base.lproj/Main.storyboard; sourceTree = "<group>"; };
		00EDC0601C42B513002E704D /* Assets.xcassets */ = {isa = PBXFileReference; lastKnownFileType = folder.assetcatalog; path = Assets.xcassets; sourceTree = "<group>"; };
		00EDC0631C42B513002E704D /* Base */ = {isa = PBXFileReference; lastKnownFileType = file.storyboard; name = Base; path = Base.lproj/LaunchScreen.storyboard; sourceTree = "<group>"; };
		00EDC0651C42B513002E704D /* Info.plist */ = {isa = PBXFileReference; lastKnownFileType = text.plist.xml; path = Info.plist; sourceTree = "<group>"; };
		00EDC0681C42B513002E704D /* WatchOSEventTimeline WatchKit App.app */ = {isa = PBXFileReference; explicitFileType = wrapper.application; includeInIndex = 0; path = "WatchOSEventTimeline WatchKit App.app"; sourceTree = BUILT_PRODUCTS_DIR; };
		00EDC06E1C42B513002E704D /* Base */ = {isa = PBXFileReference; lastKnownFileType = file.storyboard; name = Base; path = Base.lproj/Interface.storyboard; sourceTree = "<group>"; };
		00EDC0701C42B513002E704D /* Assets.xcassets */ = {isa = PBXFileReference; lastKnownFileType = folder.assetcatalog; path = Assets.xcassets; sourceTree = "<group>"; };
		00EDC0721C42B513002E704D /* Info.plist */ = {isa = PBXFileReference; lastKnownFileType = text.plist.xml; path = Info.plist; sourceTree = "<group>"; };
		00EDC0771C42B514002E704D /* WatchOSEventTimeline WatchKit Extension.appex */ = {isa = PBXFileReference; explicitFileType = "wrapper.app-extension"; includeInIndex = 0; path = "WatchOSEventTimeline WatchKit Extension.appex"; sourceTree = BUILT_PRODUCTS_DIR; };
		00EDC07D1C42B514002E704D /* PushNotificationPayload.apns */ = {isa = PBXFileReference; lastKnownFileType = text; path = PushNotificationPayload.apns; sourceTree = "<group>"; };
		00EDC07E1C42B514002E704D /* InterfaceController.h */ = {isa = PBXFileReference; lastKnownFileType = sourcecode.c.h; path = InterfaceController.h; sourceTree = "<group>"; };
		00EDC07F1C42B514002E704D /* InterfaceController.m */ = {isa = PBXFileReference; lastKnownFileType = sourcecode.c.objc; path = InterfaceController.m; sourceTree = "<group>"; };
		00EDC0811C42B514002E704D /* ExtensionDelegate.h */ = {isa = PBXFileReference; lastKnownFileType = sourcecode.c.h; path = ExtensionDelegate.h; sourceTree = "<group>"; };
		00EDC0821C42B514002E704D /* ExtensionDelegate.m */ = {isa = PBXFileReference; lastKnownFileType = sourcecode.c.objc; path = ExtensionDelegate.m; sourceTree = "<group>"; };
		00EDC0841C42B514002E704D /* NotificationController.h */ = {isa = PBXFileReference; lastKnownFileType = sourcecode.c.h; path = NotificationController.h; sourceTree = "<group>"; };
		00EDC0851C42B514002E704D /* NotificationController.m */ = {isa = PBXFileReference; lastKnownFileType = sourcecode.c.objc; path = NotificationController.m; sourceTree = "<group>"; };
		00EDC0871C42B514002E704D /* ComplicationController.h */ = {isa = PBXFileReference; lastKnownFileType = sourcecode.c.h; path = ComplicationController.h; sourceTree = "<group>"; };
		00EDC0881C42B514002E704D /* ComplicationController.m */ = {isa = PBXFileReference; lastKnownFileType = sourcecode.c.objc; path = ComplicationController.m; sourceTree = "<group>"; };
		00EDC08A1C42B514002E704D /* Assets.xcassets */ = {isa = PBXFileReference; lastKnownFileType = folder.assetcatalog; path = Assets.xcassets; sourceTree = "<group>"; };
		00EDC08C1C42B514002E704D /* Info.plist */ = {isa = PBXFileReference; lastKnownFileType = text.plist.xml; path = Info.plist; sourceTree = "<group>"; };
		00EDC09A1C42E3E0002E704D /* WatchOSEventTimeline.entitlements */ = {isa = PBXFileReference; lastKnownFileType = text.xml; path = WatchOSEventTimeline.entitlements; sourceTree = "<group>"; };
		00EDC09B1C42E5DE002E704D /* WatchOSEventTimeline WatchKit App.entitlements */ = {isa = PBXFileReference; lastKnownFileType = text.xml; path = "WatchOSEventTimeline WatchKit App.entitlements"; sourceTree = "<group>"; };
		00EDC09C1C42E5E8002E704D /* WatchOSEventTimeline WatchKit Extension.entitlements */ = {isa = PBXFileReference; lastKnownFileType = text.xml; path = "WatchOSEventTimeline WatchKit Extension.entitlements"; sourceTree = "<group>"; };
/* End PBXFileReference section */

/* Begin PBXFrameworksBuildPhase section */
		00C6478A1C50CBD700729D86 /* Frameworks */ = {
			isa = PBXFrameworksBuildPhase;
			buildActionMask = 2147483647;
			files = (
			);
			runOnlyForDeploymentPostprocessing = 0;
		};
		00EDC04E1C42B513002E704D /* Frameworks */ = {
			isa = PBXFrameworksBuildPhase;
			buildActionMask = 2147483647;
			files = (
				00AC8DE71C505E8900F70BDC /* ImageIO.framework in Frameworks */,
				00AC8DE41C505E2700F70BDC /* QuartzCore.framework in Frameworks */,
				00AC8DE21C505E1A00F70BDC /* CoreGraphics.framework in Frameworks */,
				00AC8DE01C505BC700F70BDC /* SDWebImage.framework in Frameworks */,
			);
			runOnlyForDeploymentPostprocessing = 0;
		};
		00EDC0741C42B514002E704D /* Frameworks */ = {
			isa = PBXFrameworksBuildPhase;
			buildActionMask = 2147483647;
			files = (
			);
			runOnlyForDeploymentPostprocessing = 0;
		};
/* End PBXFrameworksBuildPhase section */

/* Begin PBXGroup section */
		00AC8DB61C504DB300F70BDC /* Vendor */ = {
			isa = PBXGroup;
			children = (
				00AC8DE81C50B1F200F70BDC /* SAMHUDView */,
				00AC8DDF1C505BC700F70BDC /* SDWebImage.framework */,
				00AC8DB71C504DB300F70BDC /* AFNetworking */,
			);
			path = Vendor;
			sourceTree = "<group>";
		};
		00AC8DB71C504DB300F70BDC /* AFNetworking */ = {
			isa = PBXGroup;
			children = (
				00AC8DB81C504DB300F70BDC /* AFHTTPRequestOperation.h */,
				00AC8DB91C504DB300F70BDC /* AFHTTPRequestOperation.m */,
				00AC8DBA1C504DB300F70BDC /* AFHTTPRequestOperationManager.h */,
				00AC8DBB1C504DB300F70BDC /* AFHTTPRequestOperationManager.m */,
				00AC8DBC1C504DB300F70BDC /* AFHTTPSessionManager.h */,
				00AC8DBD1C504DB300F70BDC /* AFHTTPSessionManager.m */,
				00AC8DBE1C504DB300F70BDC /* AFNetworking.h */,
				00AC8DBF1C504DB300F70BDC /* AFNetworkReachabilityManager.h */,
				00AC8DC01C504DB300F70BDC /* AFNetworkReachabilityManager.m */,
				00AC8DC11C504DB300F70BDC /* AFSecurityPolicy.h */,
				00AC8DC21C504DB300F70BDC /* AFSecurityPolicy.m */,
				00AC8DC31C504DB300F70BDC /* AFURLConnectionOperation.h */,
				00AC8DC41C504DB300F70BDC /* AFURLConnectionOperation.m */,
				00AC8DC51C504DB300F70BDC /* AFURLRequestSerialization.h */,
				00AC8DC61C504DB300F70BDC /* AFURLRequestSerialization.m */,
				00AC8DC71C504DB300F70BDC /* AFURLResponseSerialization.h */,
				00AC8DC81C504DB300F70BDC /* AFURLResponseSerialization.m */,
				00AC8DC91C504DB300F70BDC /* AFURLSessionManager.h */,
				00AC8DCA1C504DB300F70BDC /* AFURLSessionManager.m */,
			);
			path = AFNetworking;
			sourceTree = "<group>";
		};
		00AC8DE51C505E3300F70BDC /* Frameworks */ = {
			isa = PBXGroup;
			children = (
				00AC8DE61C505E8900F70BDC /* ImageIO.framework */,
				00AC8DE31C505E2700F70BDC /* QuartzCore.framework */,
				00AC8DE11C505E1A00F70BDC /* CoreGraphics.framework */,
			);
			name = Frameworks;
			sourceTree = "<group>";
		};
		00AC8DE81C50B1F200F70BDC /* SAMHUDView */ = {
			isa = PBXGroup;
			children = (
				00AC8DE91C50B1F200F70BDC /* SAMHUDView.h */,
				00AC8DEA1C50B1F200F70BDC /* SAMHUDView.m */,
				00AC8DEB1C50B1F200F70BDC /* SAMHUDWindow.h */,
				00AC8DEC1C50B1F200F70BDC /* SAMHUDWindow.m */,
				00AC8DED1C50B1F200F70BDC /* SAMHUDWindowViewController.h */,
				00AC8DEE1C50B1F200F70BDC /* SAMHUDWindowViewController.m */,
			);
			path = SAMHUDView;
			sourceTree = "<group>";
		};
		00C6478E1C50CBD700729D86 /* WatchOSEventTimeline WatchKit 1 Extension */ = {
			isa = PBXGroup;
			children = (
				00C647B11C50CBEC00729D86 /* WatchOSEventTimeline WatchKit 1 Extension.entitlements */,
				00C647911C50CBD700729D86 /* InterfaceController.h */,
				00C647921C50CBD700729D86 /* InterfaceController.m */,
				00C647941C50CBD700729D86 /* NotificationController.h */,
				00C647951C50CBD700729D86 /* NotificationController.m */,
				00C647971C50CBD700729D86 /* Assets.xcassets */,
				00C647991C50CBD700729D86 /* Info.plist */,
				00C6478F1C50CBD700729D86 /* Supporting Files */,
			);
			path = "WatchOSEventTimeline WatchKit 1 Extension";
			sourceTree = "<group>";
		};
		00C6478F1C50CBD700729D86 /* Supporting Files */ = {
			isa = PBXGroup;
			children = (
				00C647901C50CBD700729D86 /* PushNotificationPayload.apns */,
			);
			name = "Supporting Files";
			sourceTree = "<group>";
		};
		00C647A01C50CBD800729D86 /* WatchOSEventTimeline WatchKit 1 App */ = {
			isa = PBXGroup;
			children = (
				00C647B21C50CC2C00729D86 /* WatchOSEventTimeline WatchKit 1 App.entitlements */,
				00C647A11C50CBD800729D86 /* Interface.storyboard */,
				00C647A41C50CBD800729D86 /* Assets.xcassets */,
				00C647A61C50CBD800729D86 /* Info.plist */,
			);
			path = "WatchOSEventTimeline WatchKit 1 App";
			sourceTree = "<group>";
		};
		00EDC0481C42B513002E704D = {
			isa = PBXGroup;
			children = (
				00EDC0531C42B513002E704D /* WatchOSEventTimeline */,
				00EDC06C1C42B513002E704D /* WatchOSEventTimeline WatchKit App */,
				00EDC07B1C42B514002E704D /* WatchOSEventTimeline WatchKit Extension */,
				00C6478E1C50CBD700729D86 /* WatchOSEventTimeline WatchKit 1 Extension */,
				00C647A01C50CBD800729D86 /* WatchOSEventTimeline WatchKit 1 App */,
				00EDC0521C42B513002E704D /* Products */,
			);
			sourceTree = "<group>";
		};
		00EDC0521C42B513002E704D /* Products */ = {
			isa = PBXGroup;
			children = (
				00EDC0511C42B513002E704D /* WatchOSEventTimeline.app */,
				00EDC0681C42B513002E704D /* WatchOSEventTimeline WatchKit App.app */,
				00EDC0771C42B514002E704D /* WatchOSEventTimeline WatchKit Extension.appex */,
				00C6478D1C50CBD700729D86 /* WatchOSEventTimeline WatchKit 1 Extension.appex */,
				00C6479C1C50CBD800729D86 /* WatchOSEventTimeline WatchKit 1 App.app */,
			);
			name = Products;
			sourceTree = "<group>";
		};
		00EDC0531C42B513002E704D /* WatchOSEventTimeline */ = {
			isa = PBXGroup;
			children = (
				00AC8DE51C505E3300F70BDC /* Frameworks */,
				00AC8DB61C504DB300F70BDC /* Vendor */,
				00EDC09A1C42E3E0002E704D /* WatchOSEventTimeline.entitlements */,
				00EDC0571C42B513002E704D /* AppDelegate.h */,
				00EDC0581C42B513002E704D /* AppDelegate.m */,
				00EDC05A1C42B513002E704D /* ViewController.h */,
				00EDC05B1C42B513002E704D /* ViewController.m */,
				00AC8DB21C50424700F70BDC /* CoreDataManager.h */,
				00AC8DB31C50424700F70BDC /* CoreDataManager.m */,
				00AC8DD41C50524F00F70BDC /* Event+CoreDataProperties.h */,
				00AC8DD51C50524F00F70BDC /* Event+CoreDataProperties.m */,
				00AC8DD61C50524F00F70BDC /* Event.h */,
				00AC8DD71C50524F00F70BDC /* Event.m */,
				00AC8DDC1C505A0700F70BDC /* EventTableViewCell.h */,
				00AC8DDD1C505A0700F70BDC /* EventTableViewCell.m */,
				00EDC05D1C42B513002E704D /* Main.storyboard */,
				00EDC0601C42B513002E704D /* Assets.xcassets */,
				00EDC0621C42B513002E704D /* LaunchScreen.storyboard */,
				00EDC0651C42B513002E704D /* Info.plist */,
				00EDC0541C42B513002E704D /* Supporting Files */,
				00AC8DAE1C50406E00F70BDC /* WatchOSEventTimeline.xcdatamodeld */,
			);
			path = WatchOSEventTimeline;
			sourceTree = "<group>";
		};
		00EDC0541C42B513002E704D /* Supporting Files */ = {
			isa = PBXGroup;
			children = (
				00EDC0551C42B513002E704D /* main.m */,
			);
			name = "Supporting Files";
			sourceTree = "<group>";
		};
		00EDC06C1C42B513002E704D /* WatchOSEventTimeline WatchKit App */ = {
			isa = PBXGroup;
			children = (
				00EDC09B1C42E5DE002E704D /* WatchOSEventTimeline WatchKit App.entitlements */,
				00EDC06D1C42B513002E704D /* Interface.storyboard */,
				00EDC0701C42B513002E704D /* Assets.xcassets */,
				00EDC0721C42B513002E704D /* Info.plist */,
			);
			path = "WatchOSEventTimeline WatchKit App";
			sourceTree = "<group>";
		};
		00EDC07B1C42B514002E704D /* WatchOSEventTimeline WatchKit Extension */ = {
			isa = PBXGroup;
			children = (
				00EDC09C1C42E5E8002E704D /* WatchOSEventTimeline WatchKit Extension.entitlements */,
				00EDC07E1C42B514002E704D /* InterfaceController.h */,
				00EDC07F1C42B514002E704D /* InterfaceController.m */,
				00EDC0811C42B514002E704D /* ExtensionDelegate.h */,
				00EDC0821C42B514002E704D /* ExtensionDelegate.m */,
				00EDC0841C42B514002E704D /* NotificationController.h */,
				00EDC0851C42B514002E704D /* NotificationController.m */,
				00EDC0871C42B514002E704D /* ComplicationController.h */,
				00EDC0881C42B514002E704D /* ComplicationController.m */,
				00EDC08A1C42B514002E704D /* Assets.xcassets */,
				00EDC08C1C42B514002E704D /* Info.plist */,
				00EDC07C1C42B514002E704D /* Supporting Files */,
			);
			path = "WatchOSEventTimeline WatchKit Extension";
			sourceTree = "<group>";
		};
		00EDC07C1C42B514002E704D /* Supporting Files */ = {
			isa = PBXGroup;
			children = (
				00EDC07D1C42B514002E704D /* PushNotificationPayload.apns */,
			);
			name = "Supporting Files";
			sourceTree = "<group>";
		};
/* End PBXGroup section */

/* Begin PBXNativeTarget section */
		00C6478C1C50CBD700729D86 /* WatchOSEventTimeline WatchKit 1 Extension */ = {
			isa = PBXNativeTarget;
			buildConfigurationList = 00C647AD1C50CBD800729D86 /* Build configuration list for PBXNativeTarget "WatchOSEventTimeline WatchKit 1 Extension" */;
			buildPhases = (
				00C647891C50CBD700729D86 /* Sources */,
				00C6478A1C50CBD700729D86 /* Frameworks */,
				00C6478B1C50CBD700729D86 /* Resources */,
			);
			buildRules = (
			);
			dependencies = (
				00C6479F1C50CBD800729D86 /* PBXTargetDependency */,
			);
			name = "WatchOSEventTimeline WatchKit 1 Extension";
			productName = "WatchOSEventTimeline WatchKit 1 Extension";
			productReference = 00C6478D1C50CBD700729D86 /* WatchOSEventTimeline WatchKit 1 Extension.appex */;
			productType = "com.apple.product-type.watchkit-extension";
		};
		00C6479B1C50CBD800729D86 /* WatchOSEventTimeline WatchKit 1 App */ = {
			isa = PBXNativeTarget;
			buildConfigurationList = 00C647AA1C50CBD800729D86 /* Build configuration list for PBXNativeTarget "WatchOSEventTimeline WatchKit 1 App" */;
			buildPhases = (
				00C6479A1C50CBD800729D86 /* Resources */,
			);
			buildRules = (
			);
			dependencies = (
			);
			name = "WatchOSEventTimeline WatchKit 1 App";
			productName = "WatchOSEventTimeline WatchKit 1 App";
			productReference = 00C6479C1C50CBD800729D86 /* WatchOSEventTimeline WatchKit 1 App.app */;
			productType = "com.apple.product-type.application.watchapp";
		};
		00EDC0501C42B513002E704D /* WatchOSEventTimeline */ = {
			isa = PBXNativeTarget;
			buildConfigurationList = 00EDC0971C42B514002E704D /* Build configuration list for PBXNativeTarget "WatchOSEventTimeline" */;
			buildPhases = (
				00EDC04D1C42B513002E704D /* Sources */,
				00EDC04E1C42B513002E704D /* Frameworks */,
				00EDC04F1C42B513002E704D /* Resources */,
				00EDC0961C42B514002E704D /* Embed Watch Content */,
				00C647B01C50CBD800729D86 /* Embed App Extensions */,
			);
			buildRules = (
			);
			dependencies = (
				00EDC06B1C42B513002E704D /* PBXTargetDependency */,
				00C647A81C50CBD800729D86 /* PBXTargetDependency */,
			);
			name = WatchOSEventTimeline;
			productName = WatchOSEventTimeline;
			productReference = 00EDC0511C42B513002E704D /* WatchOSEventTimeline.app */;
			productType = "com.apple.product-type.application";
		};
		00EDC0671C42B513002E704D /* WatchOSEventTimeline WatchKit App */ = {
			isa = PBXNativeTarget;
			buildConfigurationList = 00EDC0931C42B514002E704D /* Build configuration list for PBXNativeTarget "WatchOSEventTimeline WatchKit App" */;
			buildPhases = (
				00EDC0661C42B513002E704D /* Resources */,
				00EDC0921C42B514002E704D /* Embed App Extensions */,
			);
			buildRules = (
			);
			dependencies = (
				00EDC07A1C42B514002E704D /* PBXTargetDependency */,
			);
			name = "WatchOSEventTimeline WatchKit App";
			productName = "WatchOSEventTimeline WatchKit App";
			productReference = 00EDC0681C42B513002E704D /* WatchOSEventTimeline WatchKit App.app */;
			productType = "com.apple.product-type.application.watchapp2";
		};
		00EDC0761C42B514002E704D /* WatchOSEventTimeline WatchKit Extension */ = {
			isa = PBXNativeTarget;
			buildConfigurationList = 00EDC08F1C42B514002E704D /* Build configuration list for PBXNativeTarget "WatchOSEventTimeline WatchKit Extension" */;
			buildPhases = (
				00EDC0731C42B514002E704D /* Sources */,
				00EDC0741C42B514002E704D /* Frameworks */,
				00EDC0751C42B514002E704D /* Resources */,
			);
			buildRules = (
			);
			dependencies = (
			);
			name = "WatchOSEventTimeline WatchKit Extension";
			productName = "WatchOSEventTimeline WatchKit Extension";
			productReference = 00EDC0771C42B514002E704D /* WatchOSEventTimeline WatchKit Extension.appex */;
			productType = "com.apple.product-type.watchkit2-extension";
		};
/* End PBXNativeTarget section */

/* Begin PBXProject section */
		00EDC0491C42B513002E704D /* Project object */ = {
			isa = PBXProject;
			attributes = {
				LastUpgradeCheck = 0720;
				ORGANIZATIONNAME = "Petro Korienev";
				TargetAttributes = {
					00C6478C1C50CBD700729D86 = {
						CreatedOnToolsVersion = 7.2;
						DevelopmentTeam = V385JVDTV9;
						SystemCapabilities = {
							com.apple.ApplicationGroups.iOS = {
								enabled = 1;
							};
						};
					};
					00C6479B1C50CBD800729D86 = {
						CreatedOnToolsVersion = 7.2;
						DevelopmentTeam = 4AREF6UWN9;
						SystemCapabilities = {
							com.apple.ApplicationGroups.iOS = {
								enabled = 1;
							};
						};
					};
					00EDC0501C42B513002E704D = {
						CreatedOnToolsVersion = 7.2;
						DevelopmentTeam = V385JVDTV9;
						SystemCapabilities = {
							com.apple.ApplicationGroups.iOS = {
								enabled = 1;
							};
						};
					};
					00EDC0671C42B513002E704D = {
						CreatedOnToolsVersion = 7.2;
						DevelopmentTeam = V385JVDTV9;
						SystemCapabilities = {
							com.apple.ApplicationGroups.iOS = {
								enabled = 1;
							};
						};
					};
					00EDC0761C42B514002E704D = {
						CreatedOnToolsVersion = 7.2;
						DevelopmentTeam = V385JVDTV9;
						SystemCapabilities = {
							com.apple.ApplicationGroups.iOS = {
								enabled = 1;
							};
						};
					};
				};
			};
			buildConfigurationList = 00EDC04C1C42B513002E704D /* Build configuration list for PBXProject "WatchOSEventTimeline" */;
			compatibilityVersion = "Xcode 3.2";
			developmentRegion = English;
			hasScannedForEncodings = 0;
			knownRegions = (
				en,
				Base,
			);
			mainGroup = 00EDC0481C42B513002E704D;
			productRefGroup = 00EDC0521C42B513002E704D /* Products */;
			projectDirPath = "";
			projectRoot = "";
			targets = (
				00EDC0501C42B513002E704D /* WatchOSEventTimeline */,
				00EDC0671C42B513002E704D /* WatchOSEventTimeline WatchKit App */,
				00EDC0761C42B514002E704D /* WatchOSEventTimeline WatchKit Extension */,
				00C6478C1C50CBD700729D86 /* WatchOSEventTimeline WatchKit 1 Extension */,
				00C6479B1C50CBD800729D86 /* WatchOSEventTimeline WatchKit 1 App */,
			);
		};
/* End PBXProject section */

/* Begin PBXResourcesBuildPhase section */
		00C6478B1C50CBD700729D86 /* Resources */ = {
			isa = PBXResourcesBuildPhase;
			buildActionMask = 2147483647;
			files = (
				00C647981C50CBD700729D86 /* Assets.xcassets in Resources */,
				00C6479D1C50CBD800729D86 /* WatchOSEventTimeline WatchKit 1 App.app in Resources */,
			);
			runOnlyForDeploymentPostprocessing = 0;
		};
		00C6479A1C50CBD800729D86 /* Resources */ = {
			isa = PBXResourcesBuildPhase;
			buildActionMask = 2147483647;
			files = (
				00C647A51C50CBD800729D86 /* Assets.xcassets in Resources */,
				00C647A31C50CBD800729D86 /* Interface.storyboard in Resources */,
			);
			runOnlyForDeploymentPostprocessing = 0;
		};
		00EDC04F1C42B513002E704D /* Resources */ = {
			isa = PBXResourcesBuildPhase;
			buildActionMask = 2147483647;
			files = (
				00EDC0641C42B513002E704D /* LaunchScreen.storyboard in Resources */,
				00EDC0611C42B513002E704D /* Assets.xcassets in Resources */,
				00EDC05F1C42B513002E704D /* Main.storyboard in Resources */,
			);
			runOnlyForDeploymentPostprocessing = 0;
		};
		00EDC0661C42B513002E704D /* Resources */ = {
			isa = PBXResourcesBuildPhase;
			buildActionMask = 2147483647;
			files = (
				00EDC0711C42B513002E704D /* Assets.xcassets in Resources */,
				00EDC06F1C42B513002E704D /* Interface.storyboard in Resources */,
			);
			runOnlyForDeploymentPostprocessing = 0;
		};
		00EDC0751C42B514002E704D /* Resources */ = {
			isa = PBXResourcesBuildPhase;
			buildActionMask = 2147483647;
			files = (
				00EDC08B1C42B514002E704D /* Assets.xcassets in Resources */,
			);
			runOnlyForDeploymentPostprocessing = 0;
		};
/* End PBXResourcesBuildPhase section */

/* Begin PBXSourcesBuildPhase section */
		00C647891C50CBD700729D86 /* Sources */ = {
			isa = PBXSourcesBuildPhase;
			buildActionMask = 2147483647;
			files = (
				00C647961C50CBD700729D86 /* NotificationController.m in Sources */,
				00C647931C50CBD700729D86 /* InterfaceController.m in Sources */,
			);
			runOnlyForDeploymentPostprocessing = 0;
		};
		00EDC04D1C42B513002E704D /* Sources */ = {
			isa = PBXSourcesBuildPhase;
			buildActionMask = 2147483647;
			files = (
				00AC8DD01C504DB300F70BDC /* AFURLConnectionOperation.m in Sources */,
				00AC8DDE1C505A0700F70BDC /* EventTableViewCell.m in Sources */,
				00AC8DCB1C504DB300F70BDC /* AFHTTPRequestOperation.m in Sources */,
				00AC8DCE1C504DB300F70BDC /* AFNetworkReachabilityManager.m in Sources */,
				00AC8DF11C50B1F200F70BDC /* SAMHUDWindowViewController.m in Sources */,
				00AC8DD31C504DB300F70BDC /* AFURLSessionManager.m in Sources */,
				00AC8DDA1C50524F00F70BDC /* Event.m in Sources */,
				00AC8DD11C504DB300F70BDC /* AFURLRequestSerialization.m in Sources */,
				00AC8DF01C50B1F200F70BDC /* SAMHUDWindow.m in Sources */,
				00EDC05C1C42B513002E704D /* ViewController.m in Sources */,
				00AC8DEF1C50B1F200F70BDC /* SAMHUDView.m in Sources */,
				00AC8DD21C504DB300F70BDC /* AFURLResponseSerialization.m in Sources */,
				00AC8DB01C50406E00F70BDC /* WatchOSEventTimeline.xcdatamodeld in Sources */,
				00AC8DB41C50424700F70BDC /* CoreDataManager.m in Sources */,
				00AC8DCC1C504DB300F70BDC /* AFHTTPRequestOperationManager.m in Sources */,
				00AC8DCF1C504DB300F70BDC /* AFSecurityPolicy.m in Sources */,
				00EDC0591C42B513002E704D /* AppDelegate.m in Sources */,
				00EDC0561C42B513002E704D /* main.m in Sources */,
				00AC8DCD1C504DB300F70BDC /* AFHTTPSessionManager.m in Sources */,
				00AC8DD81C50524F00F70BDC /* Event+CoreDataProperties.m in Sources */,
			);
			runOnlyForDeploymentPostprocessing = 0;
		};
		00EDC0731C42B514002E704D /* Sources */ = {
			isa = PBXSourcesBuildPhase;
			buildActionMask = 2147483647;
			files = (
				00C647BB1C50EB2A00729D86 /* AFURLSessionManager.m in Sources */,
				00C647B81C50EB2A00729D86 /* AFURLConnectionOperation.m in Sources */,
				00C647B31C50EB2A00729D86 /* AFHTTPRequestOperation.m in Sources */,
				00AC8DB51C50424700F70BDC /* CoreDataManager.m in Sources */,
				00C647B41C50EB2A00729D86 /* AFHTTPRequestOperationManager.m in Sources */,
				00EDC0831C42B514002E704D /* ExtensionDelegate.m in Sources */,
				00AC8DB11C50406E00F70BDC /* WatchOSEventTimeline.xcdatamodeld in Sources */,
				00C647B51C50EB2A00729D86 /* AFHTTPSessionManager.m in Sources */,
				00AC8DD91C50524F00F70BDC /* Event+CoreDataProperties.m in Sources */,
				00AC8DDB1C50524F00F70BDC /* Event.m in Sources */,
				00EDC0891C42B514002E704D /* ComplicationController.m in Sources */,
				00C647B71C50EB2A00729D86 /* AFSecurityPolicy.m in Sources */,
				00EDC0801C42B514002E704D /* InterfaceController.m in Sources */,
				00C647B91C50EB2A00729D86 /* AFURLRequestSerialization.m in Sources */,
				00C647B61C50EB2A00729D86 /* AFNetworkReachabilityManager.m in Sources */,
				00C647BA1C50EB2A00729D86 /* AFURLResponseSerialization.m in Sources */,
				00EDC0861C42B514002E704D /* NotificationController.m in Sources */,
			);
			runOnlyForDeploymentPostprocessing = 0;
		};
/* End PBXSourcesBuildPhase section */

/* Begin PBXTargetDependency section */
		00C6479F1C50CBD800729D86 /* PBXTargetDependency */ = {
			isa = PBXTargetDependency;
			target = 00C6479B1C50CBD800729D86 /* WatchOSEventTimeline WatchKit 1 App */;
			targetProxy = 00C6479E1C50CBD800729D86 /* PBXContainerItemProxy */;
		};
		00C647A81C50CBD800729D86 /* PBXTargetDependency */ = {
			isa = PBXTargetDependency;
			target = 00C6478C1C50CBD700729D86 /* WatchOSEventTimeline WatchKit 1 Extension */;
			targetProxy = 00C647A71C50CBD800729D86 /* PBXContainerItemProxy */;
		};
		00EDC06B1C42B513002E704D /* PBXTargetDependency */ = {
			isa = PBXTargetDependency;
			target = 00EDC0671C42B513002E704D /* WatchOSEventTimeline WatchKit App */;
			targetProxy = 00EDC06A1C42B513002E704D /* PBXContainerItemProxy */;
		};
		00EDC07A1C42B514002E704D /* PBXTargetDependency */ = {
			isa = PBXTargetDependency;
			target = 00EDC0761C42B514002E704D /* WatchOSEventTimeline WatchKit Extension */;
			targetProxy = 00EDC0791C42B514002E704D /* PBXContainerItemProxy */;
		};
/* End PBXTargetDependency section */

/* Begin PBXVariantGroup section */
		00C647A11C50CBD800729D86 /* Interface.storyboard */ = {
			isa = PBXVariantGroup;
			children = (
				00C647A21C50CBD800729D86 /* Base */,
			);
			name = Interface.storyboard;
			sourceTree = "<group>";
		};
		00EDC05D1C42B513002E704D /* Main.storyboard */ = {
			isa = PBXVariantGroup;
			children = (
				00EDC05E1C42B513002E704D /* Base */,
			);
			name = Main.storyboard;
			sourceTree = "<group>";
		};
		00EDC0621C42B513002E704D /* LaunchScreen.storyboard */ = {
			isa = PBXVariantGroup;
			children = (
				00EDC0631C42B513002E704D /* Base */,
			);
			name = LaunchScreen.storyboard;
			sourceTree = "<group>";
		};
		00EDC06D1C42B513002E704D /* Interface.storyboard */ = {
			isa = PBXVariantGroup;
			children = (
				00EDC06E1C42B513002E704D /* Base */,
			);
			name = Interface.storyboard;
			sourceTree = "<group>";
		};
/* End PBXVariantGroup section */

/* Begin XCBuildConfiguration section */
		00C647AB1C50CBD800729D86 /* Debug */ = {
			isa = XCBuildConfiguration;
			buildSettings = {
				ASSETCATALOG_COMPILER_APPICON_NAME = AppIcon;
				CODE_SIGN_ENTITLEMENTS = "WatchOSEventTimeline WatchKit 1 App/WatchOSEventTimeline WatchKit 1 App.entitlements";
				CODE_SIGN_IDENTITY = "iPhone Developer";
				"CODE_SIGN_IDENTITY[sdk=iphoneos*]" = "iPhone Developer";
				IBSC_MODULE = WatchOSEventTimeline_WatchKit_1_Extension;
				INFOPLIST_FILE = "WatchOSEventTimeline WatchKit 1 App/Info.plist";
				IPHONEOS_DEPLOYMENT_TARGET = 8.2;
				PRODUCT_BUNDLE_IDENTIFIER = com.soxjke.WatchOSEventTimeline.watchkitapp;
				PRODUCT_NAME = "$(TARGET_NAME)";
				PROVISIONING_PROFILE = "";
				SKIP_INSTALL = YES;
				TARGETED_DEVICE_FAMILY = 4;
				"TARGETED_DEVICE_FAMILY[sdk=iphonesimulator*]" = "1,4";
			};
			name = Debug;
		};
		00C647AC1C50CBD800729D86 /* Release */ = {
			isa = XCBuildConfiguration;
			buildSettings = {
				ASSETCATALOG_COMPILER_APPICON_NAME = AppIcon;
				CODE_SIGN_ENTITLEMENTS = "WatchOSEventTimeline WatchKit 1 App/WatchOSEventTimeline WatchKit 1 App.entitlements";
				CODE_SIGN_IDENTITY = "iPhone Developer";
				"CODE_SIGN_IDENTITY[sdk=iphoneos*]" = "iPhone Developer";
				IBSC_MODULE = WatchOSEventTimeline_WatchKit_1_Extension;
				INFOPLIST_FILE = "WatchOSEventTimeline WatchKit 1 App/Info.plist";
				IPHONEOS_DEPLOYMENT_TARGET = 8.2;
				PRODUCT_BUNDLE_IDENTIFIER = com.soxjke.WatchOSEventTimeline.watchkitapp;
				PRODUCT_NAME = "$(TARGET_NAME)";
				PROVISIONING_PROFILE = "";
				SKIP_INSTALL = YES;
				TARGETED_DEVICE_FAMILY = 4;
				"TARGETED_DEVICE_FAMILY[sdk=iphonesimulator*]" = "1,4";
			};
			name = Release;
		};
		00C647AE1C50CBD800729D86 /* Debug */ = {
			isa = XCBuildConfiguration;
			buildSettings = {
				CODE_SIGN_ENTITLEMENTS = "WatchOSEventTimeline WatchKit 1 Extension/WatchOSEventTimeline WatchKit 1 Extension.entitlements";
				CODE_SIGN_IDENTITY = "iPhone Developer";
				"CODE_SIGN_IDENTITY[sdk=iphoneos*]" = "iPhone Developer";
				INFOPLIST_FILE = "WatchOSEventTimeline WatchKit 1 Extension/Info.plist";
				LD_RUNPATH_SEARCH_PATHS = "$(inherited) @executable_path/Frameworks @executable_path/../../Frameworks";
				PRODUCT_BUNDLE_IDENTIFIER = com.soxjke.WatchOSEventTimeline.watchkitextension;
				PRODUCT_NAME = "${TARGET_NAME}";
				PROVISIONING_PROFILE = "";
				SKIP_INSTALL = YES;
			};
			name = Debug;
		};
		00C647AF1C50CBD800729D86 /* Release */ = {
			isa = XCBuildConfiguration;
			buildSettings = {
				CODE_SIGN_ENTITLEMENTS = "WatchOSEventTimeline WatchKit 1 Extension/WatchOSEventTimeline WatchKit 1 Extension.entitlements";
				CODE_SIGN_IDENTITY = "iPhone Developer";
				"CODE_SIGN_IDENTITY[sdk=iphoneos*]" = "iPhone Developer";
				INFOPLIST_FILE = "WatchOSEventTimeline WatchKit 1 Extension/Info.plist";
				LD_RUNPATH_SEARCH_PATHS = "$(inherited) @executable_path/Frameworks @executable_path/../../Frameworks";
				PRODUCT_BUNDLE_IDENTIFIER = com.soxjke.WatchOSEventTimeline.watchkitextension;
				PRODUCT_NAME = "${TARGET_NAME}";
				PROVISIONING_PROFILE = "";
				SKIP_INSTALL = YES;
			};
			name = Release;
		};
		00EDC08D1C42B514002E704D /* Debug */ = {
			isa = XCBuildConfiguration;
			buildSettings = {
				ALWAYS_SEARCH_USER_PATHS = NO;
				CLANG_CXX_LANGUAGE_STANDARD = "gnu++0x";
				CLANG_CXX_LIBRARY = "libc++";
				CLANG_ENABLE_MODULES = YES;
				CLANG_ENABLE_OBJC_ARC = YES;
				CLANG_WARN_BOOL_CONVERSION = YES;
				CLANG_WARN_CONSTANT_CONVERSION = YES;
				CLANG_WARN_DIRECT_OBJC_ISA_USAGE = YES_ERROR;
				CLANG_WARN_EMPTY_BODY = YES;
				CLANG_WARN_ENUM_CONVERSION = YES;
				CLANG_WARN_INT_CONVERSION = YES;
				CLANG_WARN_OBJC_ROOT_CLASS = YES_ERROR;
				CLANG_WARN_UNREACHABLE_CODE = YES;
				CLANG_WARN__DUPLICATE_METHOD_MATCH = YES;
				"CODE_SIGN_IDENTITY[sdk=iphoneos*]" = "iPhone Developer";
				COPY_PHASE_STRIP = NO;
				DEBUG_INFORMATION_FORMAT = dwarf;
				ENABLE_STRICT_OBJC_MSGSEND = YES;
				ENABLE_TESTABILITY = YES;
				GCC_C_LANGUAGE_STANDARD = gnu99;
				GCC_DYNAMIC_NO_PIC = NO;
				GCC_NO_COMMON_BLOCKS = YES;
				GCC_OPTIMIZATION_LEVEL = 0;
				GCC_PREPROCESSOR_DEFINITIONS = (
					"DEBUG=1",
					"$(inherited)",
				);
				GCC_WARN_64_TO_32_BIT_CONVERSION = YES;
				GCC_WARN_ABOUT_RETURN_TYPE = YES_ERROR;
				GCC_WARN_UNDECLARED_SELECTOR = YES;
				GCC_WARN_UNINITIALIZED_AUTOS = YES_AGGRESSIVE;
				GCC_WARN_UNUSED_FUNCTION = YES;
				GCC_WARN_UNUSED_VARIABLE = YES;
				IPHONEOS_DEPLOYMENT_TARGET = 9.2;
				MTL_ENABLE_DEBUG_INFO = YES;
				ONLY_ACTIVE_ARCH = YES;
				SDKROOT = iphoneos;
			};
			name = Debug;
		};
		00EDC08E1C42B514002E704D /* Release */ = {
			isa = XCBuildConfiguration;
			buildSettings = {
				ALWAYS_SEARCH_USER_PATHS = NO;
				CLANG_CXX_LANGUAGE_STANDARD = "gnu++0x";
				CLANG_CXX_LIBRARY = "libc++";
				CLANG_ENABLE_MODULES = YES;
				CLANG_ENABLE_OBJC_ARC = YES;
				CLANG_WARN_BOOL_CONVERSION = YES;
				CLANG_WARN_CONSTANT_CONVERSION = YES;
				CLANG_WARN_DIRECT_OBJC_ISA_USAGE = YES_ERROR;
				CLANG_WARN_EMPTY_BODY = YES;
				CLANG_WARN_ENUM_CONVERSION = YES;
				CLANG_WARN_INT_CONVERSION = YES;
				CLANG_WARN_OBJC_ROOT_CLASS = YES_ERROR;
				CLANG_WARN_UNREACHABLE_CODE = YES;
				CLANG_WARN__DUPLICATE_METHOD_MATCH = YES;
				"CODE_SIGN_IDENTITY[sdk=iphoneos*]" = "iPhone Developer";
				COPY_PHASE_STRIP = NO;
				DEBUG_INFORMATION_FORMAT = "dwarf-with-dsym";
				ENABLE_NS_ASSERTIONS = NO;
				ENABLE_STRICT_OBJC_MSGSEND = YES;
				GCC_C_LANGUAGE_STANDARD = gnu99;
				GCC_NO_COMMON_BLOCKS = YES;
				GCC_WARN_64_TO_32_BIT_CONVERSION = YES;
				GCC_WARN_ABOUT_RETURN_TYPE = YES_ERROR;
				GCC_WARN_UNDECLARED_SELECTOR = YES;
				GCC_WARN_UNINITIALIZED_AUTOS = YES_AGGRESSIVE;
				GCC_WARN_UNUSED_FUNCTION = YES;
				GCC_WARN_UNUSED_VARIABLE = YES;
				IPHONEOS_DEPLOYMENT_TARGET = 9.2;
				MTL_ENABLE_DEBUG_INFO = NO;
				SDKROOT = iphoneos;
				VALIDATE_PRODUCT = YES;
			};
			name = Release;
		};
		00EDC0901C42B514002E704D /* Debug */ = {
			isa = XCBuildConfiguration;
			buildSettings = {
				ASSETCATALOG_COMPILER_COMPLICATION_NAME = Complication;
				CODE_SIGN_ENTITLEMENTS = "WatchOSEventTimeline WatchKit Extension/WatchOSEventTimeline WatchKit Extension.entitlements";
				CODE_SIGN_IDENTITY = "iPhone Developer";
				"CODE_SIGN_IDENTITY[sdk=watchos*]" = "iPhone Developer";
				INFOPLIST_FILE = "WatchOSEventTimeline WatchKit Extension/Info.plist";
				IPHONEOS_DEPLOYMENT_TARGET = 8.2;
				LD_RUNPATH_SEARCH_PATHS = "$(inherited) @executable_path/Frameworks @executable_path/../../Frameworks";
				PRODUCT_BUNDLE_IDENTIFIER = com.soxjke.WatchOSEventTimeline.watchkitapp.watchkitextension;
				PRODUCT_NAME = "${TARGET_NAME}";
				PROVISIONING_PROFILE = "";
				SDKROOT = watchos;
				SKIP_INSTALL = YES;
				TARGETED_DEVICE_FAMILY = 4;
				WATCHOS_DEPLOYMENT_TARGET = 2.0;
			};
			name = Debug;
		};
		00EDC0911C42B514002E704D /* Release */ = {
			isa = XCBuildConfiguration;
			buildSettings = {
				ASSETCATALOG_COMPILER_COMPLICATION_NAME = Complication;
				CODE_SIGN_ENTITLEMENTS = "WatchOSEventTimeline WatchKit Extension/WatchOSEventTimeline WatchKit Extension.entitlements";
				CODE_SIGN_IDENTITY = "iPhone Developer";
				"CODE_SIGN_IDENTITY[sdk=watchos*]" = "iPhone Developer";
				INFOPLIST_FILE = "WatchOSEventTimeline WatchKit Extension/Info.plist";
				IPHONEOS_DEPLOYMENT_TARGET = 8.2;
				LD_RUNPATH_SEARCH_PATHS = "$(inherited) @executable_path/Frameworks @executable_path/../../Frameworks";
				PRODUCT_BUNDLE_IDENTIFIER = com.soxjke.WatchOSEventTimeline.watchkitapp.watchkitextension;
				PRODUCT_NAME = "${TARGET_NAME}";
				PROVISIONING_PROFILE = "";
				SDKROOT = watchos;
				SKIP_INSTALL = YES;
				TARGETED_DEVICE_FAMILY = 4;
				WATCHOS_DEPLOYMENT_TARGET = 2.0;
			};
			name = Release;
		};
		00EDC0941C42B514002E704D /* Debug */ = {
			isa = XCBuildConfiguration;
			buildSettings = {
				ASSETCATALOG_COMPILER_APPICON_NAME = AppIcon;
				CODE_SIGN_ENTITLEMENTS = "WatchOSEventTimeline WatchKit App/WatchOSEventTimeline WatchKit App.entitlements";
				CODE_SIGN_IDENTITY = "iPhone Developer";
				"CODE_SIGN_IDENTITY[sdk=iphoneos*]" = "iPhone Developer: Ranjet Chohan (ECB5DCMTFC)";
				"CODE_SIGN_IDENTITY[sdk=watchos*]" = "iPhone Developer";
				IBSC_MODULE = WatchOSEventTimeline_WatchKit_Extension;
				INFOPLIST_FILE = "WatchOSEventTimeline WatchKit App/Info.plist";
				IPHONEOS_DEPLOYMENT_TARGET = 8.2;
				PRODUCT_BUNDLE_IDENTIFIER = com.soxjke.WatchOSEventTimeline.watchkitapp;
				PRODUCT_NAME = "$(TARGET_NAME)";
				PROVISIONING_PROFILE = "";
				SDKROOT = watchos;
				SKIP_INSTALL = YES;
				TARGETED_DEVICE_FAMILY = 4;
				WATCHOS_DEPLOYMENT_TARGET = 2.0;
			};
			name = Debug;
		};
		00EDC0951C42B514002E704D /* Release */ = {
			isa = XCBuildConfiguration;
			buildSettings = {
				ASSETCATALOG_COMPILER_APPICON_NAME = AppIcon;
				CODE_SIGN_ENTITLEMENTS = "WatchOSEventTimeline WatchKit App/WatchOSEventTimeline WatchKit App.entitlements";
				CODE_SIGN_IDENTITY = "iPhone Developer";
				"CODE_SIGN_IDENTITY[sdk=watchos*]" = "iPhone Developer";
				IBSC_MODULE = WatchOSEventTimeline_WatchKit_Extension;
				INFOPLIST_FILE = "WatchOSEventTimeline WatchKit App/Info.plist";
				IPHONEOS_DEPLOYMENT_TARGET = 8.2;
				PRODUCT_BUNDLE_IDENTIFIER = com.soxjke.WatchOSEventTimeline.watchkitapp;
				PRODUCT_NAME = "$(TARGET_NAME)";
				PROVISIONING_PROFILE = "";
				SDKROOT = watchos;
				SKIP_INSTALL = YES;
				TARGETED_DEVICE_FAMILY = 4;
				WATCHOS_DEPLOYMENT_TARGET = 2.0;
			};
			name = Release;
		};
		00EDC0981C42B514002E704D /* Debug */ = {
			isa = XCBuildConfiguration;
			buildSettings = {
				ASSETCATALOG_COMPILER_APPICON_NAME = AppIcon;
				CODE_SIGN_ENTITLEMENTS = WatchOSEventTimeline/WatchOSEventTimeline.entitlements;
				CODE_SIGN_IDENTITY = "iPhone Developer";
				"CODE_SIGN_IDENTITY[sdk=iphoneos*]" = "iPhone Developer";
				FRAMEWORK_SEARCH_PATHS = (
					"$(inherited)",
					"$(PROJECT_DIR)/WatchOSEventTimeline/Vendor",
				);
				INFOPLIST_FILE = WatchOSEventTimeline/Info.plist;
				IPHONEOS_DEPLOYMENT_TARGET = 8.2;
				LD_RUNPATH_SEARCH_PATHS = "$(inherited) @executable_path/Frameworks";
				OTHER_LDFLAGS = "-ObjC";
				PRODUCT_BUNDLE_IDENTIFIER = com.soxjke.WatchOSEventTimeline;
				PRODUCT_NAME = "$(TARGET_NAME)";
				PROVISIONING_PROFILE = "";
			};
			name = Debug;
		};
		00EDC0991C42B514002E704D /* Release */ = {
			isa = XCBuildConfiguration;
			buildSettings = {
				ASSETCATALOG_COMPILER_APPICON_NAME = AppIcon;
				CODE_SIGN_ENTITLEMENTS = WatchOSEventTimeline/WatchOSEventTimeline.entitlements;
				CODE_SIGN_IDENTITY = "iPhone Developer";
				"CODE_SIGN_IDENTITY[sdk=iphoneos*]" = "iPhone Developer";
				FRAMEWORK_SEARCH_PATHS = (
					"$(inherited)",
					"$(PROJECT_DIR)/WatchOSEventTimeline/Vendor",
				);
				INFOPLIST_FILE = WatchOSEventTimeline/Info.plist;
				IPHONEOS_DEPLOYMENT_TARGET = 8.2;
				LD_RUNPATH_SEARCH_PATHS = "$(inherited) @executable_path/Frameworks";
				OTHER_LDFLAGS = "-ObjC";
				PRODUCT_BUNDLE_IDENTIFIER = com.soxjke.WatchOSEventTimeline;
				PRODUCT_NAME = "$(TARGET_NAME)";
				PROVISIONING_PROFILE = "";
			};
			name = Release;
		};
/* End XCBuildConfiguration section */

/* Begin XCConfigurationList section */
		00C647AA1C50CBD800729D86 /* Build configuration list for PBXNativeTarget "WatchOSEventTimeline WatchKit 1 App" */ = {
			isa = XCConfigurationList;
			buildConfigurations = (
				00C647AB1C50CBD800729D86 /* Debug */,
				00C647AC1C50CBD800729D86 /* Release */,
			);
			defaultConfigurationIsVisible = 0;
		};
		00C647AD1C50CBD800729D86 /* Build configuration list for PBXNativeTarget "WatchOSEventTimeline WatchKit 1 Extension" */ = {
			isa = XCConfigurationList;
			buildConfigurations = (
				00C647AE1C50CBD800729D86 /* Debug */,
				00C647AF1C50CBD800729D86 /* Release */,
			);
			defaultConfigurationIsVisible = 0;
		};
		00EDC04C1C42B513002E704D /* Build configuration list for PBXProject "WatchOSEventTimeline" */ = {
			isa = XCConfigurationList;
			buildConfigurations = (
				00EDC08D1C42B514002E704D /* Debug */,
				00EDC08E1C42B514002E704D /* Release */,
			);
			defaultConfigurationIsVisible = 0;
			defaultConfigurationName = Release;
		};
		00EDC08F1C42B514002E704D /* Build configuration list for PBXNativeTarget "WatchOSEventTimeline WatchKit Extension" */ = {
			isa = XCConfigurationList;
			buildConfigurations = (
				00EDC0901C42B514002E704D /* Debug */,
				00EDC0911C42B514002E704D /* Release */,
			);
			defaultConfigurationIsVisible = 0;
			defaultConfigurationName = Release;
		};
		00EDC0931C42B514002E704D /* Build configuration list for PBXNativeTarget "WatchOSEventTimeline WatchKit App" */ = {
			isa = XCConfigurationList;
			buildConfigurations = (
				00EDC0941C42B514002E704D /* Debug */,
				00EDC0951C42B514002E704D /* Release */,
			);
			defaultConfigurationIsVisible = 0;
			defaultConfigurationName = Release;
		};
		00EDC0971C42B514002E704D /* Build configuration list for PBXNativeTarget "WatchOSEventTimeline" */ = {
			isa = XCConfigurationList;
			buildConfigurations = (
				00EDC0981C42B514002E704D /* Debug */,
				00EDC0991C42B514002E704D /* Release */,
			);
			defaultConfigurationIsVisible = 0;
			defaultConfigurationName = Release;
		};
/* End XCConfigurationList section */

/* Begin XCVersionGroup section */
		00AC8DAE1C50406E00F70BDC /* WatchOSEventTimeline.xcdatamodeld */ = {
			isa = XCVersionGroup;
			children = (
				00AC8DAF1C50406E00F70BDC /* WatchOSEventTimeline.xcdatamodel */,
			);
			currentVersion = 00AC8DAF1C50406E00F70BDC /* WatchOSEventTimeline.xcdatamodel */;
			path = WatchOSEventTimeline.xcdatamodeld;
			sourceTree = "<group>";
			versionGroupType = wrapper.xcdatamodel;
		};
/* End XCVersionGroup section */
	};
	rootObject = 00EDC0491C42B513002E704D /* Project object */;
}
